
Microsoft Visual Studio Solution File, Format Version 12.00
# Visual Studio Version 16
VisualStudioVersion = 16.0.30225.117
MinimumVisualStudioVersion = 10.0.40219.1
Project("{FAE04EC0-301F-11D3-BF4B-00C04F79EFBC}") = "ConsoleApp106", "ConsoleApp106\ConsoleApp106.csproj", "{056D3001-99BF-4976-9242-06FD53C905D3}"
EndProject
Global
	GlobalSection(SolutionConfigurationPlatforms) = preSolution
		Debug|Any CPU = Debug|Any CPU
		Release|Any CPU = Release|Any CPU
	EndGlobalSection
	GlobalSection(ProjectConfigurationPlatforms) = postSolution
		{056D3001-99BF-4976-9242-06FD53C905D3}.Debug|Any CPU.ActiveCfg = Debug|Any CPU
		{056D3001-99BF-4976-9242-06FD53C905D3}.Debug|Any CPU.Build.0 = Debug|Any CPU
		{056D3001-99BF-4976-9242-06FD53C905D3}.Release|Any CPU.ActiveCfg = Release|Any CPU
		{056D3001-99BF-4976-9242-06FD53C905D3}.Release|Any CPU.Build.0 = Release|Any CPU
	EndGlobalSection
	GlobalSection(SolutionProperties) = preSolution
		HideSolutionNode = FALSE
	EndGlobalSection
	GlobalSection(ExtensibilityGlobals) = postSolution
		SolutionGuid = {4F8A7BAC-DEC6-412C-8FD5-CC7927970318}
	EndGlobalSection
EndGlobal
